
Microsoft Visual Studio Solution File, Format Version 12.00
# Visual Studio Version 16
VisualStudioVersion = 16.0.29609.76
MinimumVisualStudioVersion = 10.0.40219.1
Project("{FAE04EC0-301F-11D3-BF4B-00C04F79EFBC}") = "Strawberry", "Strawberry\Strawberry.csproj", "{4E673177-05D3-433A-A4E1-BBD5B1D09C44}"
EndProject
Global
	GlobalSection(SolutionConfigurationPlatforms) = preSolution
		Debug|Any CPU = Debug|Any CPU
		Release|Any CPU = Release|Any CPU
	EndGlobalSection
	GlobalSection(ProjectConfigurationPlatforms) = postSolution
		{4E673177-05D3-433A-A4E1-BBD5B1D09C44}.Debug|Any CPU.ActiveCfg = Debug|Any CPU
		{4E673177-05D3-433A-A4E1-BBD5B1D09C44}.Debug|Any CPU.Build.0 = Debug|Any CPU
		{4E673177-05D3-433A-A4E1-BBD5B1D09C44}.Release|Any CPU.ActiveCfg = Release|Any CPU
		{4E673177-05D3-433A-A4E1-BBD5B1D09C44}.Release|Any CPU.Build.0 = Release|Any CPU
	EndGlobalSection
	GlobalSection(SolutionProperties) = preSolution
		HideSolutionNode = FALSE
	EndGlobalSection
	GlobalSection(ExtensibilityGlobals) = postSolution
		SolutionGuid = {02F9F23A-8C48-4A37-988F-DE6401D68BB0}
	EndGlobalSection
EndGlobal
